
Microsoft Visual Studio Solution File, Format Version 12.00
# Visual Studio 15
Project("{FAE04EC0-301F-11D3-BF4B-00C04F79EFBC}") = "Custom Pixel Perfect Collision", "Assembly-CSharp.csproj", "{D937BCFE-D4D1-6520-8C05-855DECD3C42D}"
EndProject
Global
	GlobalSection(SolutionConfigurationPlatforms) = preSolution
		Debug|Any CPU = Debug|Any CPU
		Release|Any CPU = Release|Any CPU
	EndGlobalSection
	GlobalSection(ProjectConfigurationPlatforms) = postSolution
		{D937BCFE-D4D1-6520-8C05-855DECD3C42D}.Debug|Any CPU.ActiveCfg = Debug|Any CPU
		{D937BCFE-D4D1-6520-8C05-855DECD3C42D}.Debug|Any CPU.Build.0 = Debug|Any CPU
		{D937BCFE-D4D1-6520-8C05-855DECD3C42D}.Release|Any CPU.ActiveCfg = Release|Any CPU
		{D937BCFE-D4D1-6520-8C05-855DECD3C42D}.Release|Any CPU.Build.0 = Release|Any CPU
	EndGlobalSection
	GlobalSection(SolutionProperties) = preSolution
		HideSolutionNode = FALSE
	EndGlobalSection
EndGlobal
